
Microsoft Visual Studio Solution File, Format Version 12.00
Project("{FAE04EC0-301F-11D3-BF4B-00C04F79EFBC}") = "AdventOfCode2024", "AdventOfCode2024\AdventOfCode2024.csproj", "{BA0F098C-123A-4FB2-83C3-3169E4B392F9}"
EndProject
Project("{FAE04EC0-301F-11D3-BF4B-00C04F79EFBC}") = "AdventOfCode2015", "AdventOfCode2015\AdventOfCode2015.csproj", "{0F3A83B7-5072-4B82-BF56-EDE2107F3021}"
EndProject
Project("{FAE04EC0-301F-11D3-BF4B-00C04F79EFBC}") = "AdventOfCode2025", "AdventOfCode2025\AdventOfCode2025.csproj", "{ABDA20A6-4F3F-443C-AF61-82E6DB0AAA98}"
EndProject
Project("{FAE04EC0-301F-11D3-BF4B-00C04F79EFBC}") = "AdventOfCode2023", "AdventOfCode2023\AdventOfCode2023.csproj", "{4D258E4C-A0EB-4421-B76D-E51BE16D81BC}"
EndProject
Project("{FAE04EC0-301F-11D3-BF4B-00C04F79EFBC}") = "AdventOfCode2022", "AdventOfCode2022\AdventOfCode2022.csproj", "{4F9343B9-3B5F-43FF-A1D8-986C87CBA854}"
EndProject
Global
	GlobalSection(SolutionConfigurationPlatforms) = preSolution
		Debug|Any CPU = Debug|Any CPU
		Release|Any CPU = Release|Any CPU
	EndGlobalSection
	GlobalSection(ProjectConfigurationPlatforms) = postSolution
		{BA0F098C-123A-4FB2-83C3-3169E4B392F9}.Debug|Any CPU.ActiveCfg = Debug|Any CPU
		{BA0F098C-123A-4FB2-83C3-3169E4B392F9}.Debug|Any CPU.Build.0 = Debug|Any CPU
		{BA0F098C-123A-4FB2-83C3-3169E4B392F9}.Release|Any CPU.ActiveCfg = Release|Any CPU
		{BA0F098C-123A-4FB2-83C3-3169E4B392F9}.Release|Any CPU.Build.0 = Release|Any CPU
		{0F3A83B7-5072-4B82-BF56-EDE2107F3021}.Debug|Any CPU.ActiveCfg = Debug|Any CPU
		{0F3A83B7-5072-4B82-BF56-EDE2107F3021}.Debug|Any CPU.Build.0 = Debug|Any CPU
		{0F3A83B7-5072-4B82-BF56-EDE2107F3021}.Release|Any CPU.ActiveCfg = Release|Any CPU
		{0F3A83B7-5072-4B82-BF56-EDE2107F3021}.Release|Any CPU.Build.0 = Release|Any CPU
		{ABDA20A6-4F3F-443C-AF61-82E6DB0AAA98}.Debug|Any CPU.ActiveCfg = Debug|Any CPU
		{ABDA20A6-4F3F-443C-AF61-82E6DB0AAA98}.Debug|Any CPU.Build.0 = Debug|Any CPU
		{ABDA20A6-4F3F-443C-AF61-82E6DB0AAA98}.Release|Any CPU.ActiveCfg = Release|Any CPU
		{ABDA20A6-4F3F-443C-AF61-82E6DB0AAA98}.Release|Any CPU.Build.0 = Release|Any CPU
		{4D258E4C-A0EB-4421-B76D-E51BE16D81BC}.Debug|Any CPU.ActiveCfg = Debug|Any CPU
		{4D258E4C-A0EB-4421-B76D-E51BE16D81BC}.Debug|Any CPU.Build.0 = Debug|Any CPU
		{4D258E4C-A0EB-4421-B76D-E51BE16D81BC}.Release|Any CPU.ActiveCfg = Release|Any CPU
		{4D258E4C-A0EB-4421-B76D-E51BE16D81BC}.Release|Any CPU.Build.0 = Release|Any CPU
		{4F9343B9-3B5F-43FF-A1D8-986C87CBA854}.Debug|Any CPU.ActiveCfg = Debug|Any CPU
		{4F9343B9-3B5F-43FF-A1D8-986C87CBA854}.Debug|Any CPU.Build.0 = Debug|Any CPU
		{4F9343B9-3B5F-43FF-A1D8-986C87CBA854}.Release|Any CPU.ActiveCfg = Release|Any CPU
		{4F9343B9-3B5F-43FF-A1D8-986C87CBA854}.Release|Any CPU.Build.0 = Release|Any CPU
	EndGlobalSection
EndGlobal
